
Microsoft Visual Studio Solution File, Format Version 12.00
# Visual Studio Version 16
VisualStudioVersion = 16.0.31605.320
MinimumVisualStudioVersion = 10.0.40219.1
Project("{9A19103F-16F7-4668-BE54-9A1E7A4F7556}") = "SimpleHttpServer", "SimpleHttpServer\SimpleHttpServer.csproj", "{DBE214C2-832D-4F3A-8AA5-1B3717EFEE2A}"
EndProject
Project("{2150E333-8FDC-42A3-9474-1A3956D46DE8}") = "Solution Items", "Solution Items", "{F9C0C1FB-0DBA-444E-A01C-A2BD05127557}"
	ProjectSection(SolutionItems) = preProject
		.editorconfig = .editorconfig
		.gitignore = .gitignore
		LICENSE = LICENSE
		README.md = README.md
	EndProjectSection
EndProject
Global
	GlobalSection(SolutionConfigurationPlatforms) = preSolution
		Debug|Any CPU = Debug|Any CPU
		Release|Any CPU = Release|Any CPU
	EndGlobalSection
	GlobalSection(ProjectConfigurationPlatforms) = postSolution
		{DBE214C2-832D-4F3A-8AA5-1B3717EFEE2A}.Debug|Any CPU.ActiveCfg = Debug|Any CPU
		{DBE214C2-832D-4F3A-8AA5-1B3717EFEE2A}.Debug|Any CPU.Build.0 = Debug|Any CPU
		{DBE214C2-832D-4F3A-8AA5-1B3717EFEE2A}.Release|Any CPU.ActiveCfg = Release|Any CPU
		{DBE214C2-832D-4F3A-8AA5-1B3717EFEE2A}.Release|Any CPU.Build.0 = Release|Any CPU
	EndGlobalSection
	GlobalSection(SolutionProperties) = preSolution
		HideSolutionNode = FALSE
	EndGlobalSection
	GlobalSection(ExtensibilityGlobals) = postSolution
		SolutionGuid = {5472BDAB-9DDB-46B0-996F-B1FE7DF2035C}
	EndGlobalSection
EndGlobal
